// !$*UTF8*$!
{
	archiveVersion = 1;
	classes = {
	};
	objectVersion = 50;
	objects = {

/* Begin PBXBuildFile section */
		C96CF311230AE74900F7C210 /* AppDelegate.m in Sources */ = {isa = PBXBuildFile; fileRef = C96CF310230AE74900F7C210 /* AppDelegate.m */; };
		C96CF317230AE74900F7C210 /* Main.storyboard in Resources */ = {isa = PBXBuildFile; fileRef = C96CF315230AE74900F7C210 /* Main.storyboard */; };
		C96CF319230AE74A00F7C210 /* Assets.xcassets in Resources */ = {isa = PBXBuildFile; fileRef = C96CF318230AE74A00F7C210 /* Assets.xcassets */; };
		C96CF31C230AE74A00F7C210 /* LaunchScreen.storyboard in Resources */ = {isa = PBXBuildFile; fileRef = C96CF31A230AE74A00F7C210 /* LaunchScreen.storyboard */; };
		C96CF31F230AE74A00F7C210 /* main.m in Sources */ = {isa = PBXBuildFile; fileRef = C96CF31E230AE74A00F7C210 /* main.m */; };
		C96CF32C230AE8D800F7C210 /* LoginViewController.m in Sources */ = {isa = PBXBuildFile; fileRef = C96CF32B230AE8D800F7C210 /* LoginViewController.m */; };
/* End PBXBuildFile section */

/* Begin PBXFileReference section */
		C96CF30C230AE74900F7C210 /* TumblyProject.app */ = {isa = PBXFileReference; explicitFileType = wrapper.application; includeInIndex = 0; path = TumblyProject.app; sourceTree = BUILT_PRODUCTS_DIR; };
		C96CF30F230AE74900F7C210 /* AppDelegate.h */ = {isa = PBXFileReference; lastKnownFileType = sourcecode.c.h; path = AppDelegate.h; sourceTree = "<group>"; };
		C96CF310230AE74900F7C210 /* AppDelegate.m */ = {isa = PBXFileReference; lastKnownFileType = sourcecode.c.objc; path = AppDelegate.m; sourceTree = "<group>"; };
		C96CF316230AE74900F7C210 /* Base */ = {isa = PBXFileReference; lastKnownFileType = file.storyboard; name = Base; path = Base.lproj/Main.storyboard; sourceTree = "<group>"; };
		C96CF318230AE74A00F7C210 /* Assets.xcassets */ = {isa = PBXFileReference; lastKnownFileType = folder.assetcatalog; path = Assets.xcassets; sourceTree = "<group>"; };
		C96CF31B230AE74A00F7C210 /* Base */ = {isa = PBXFileReference; lastKnownFileType = file.storyboard; name = Base; path = Base.lproj/LaunchScreen.storyboard; sourceTree = "<group>"; };
		C96CF31D230AE74A00F7C210 /* Info.plist */ = {isa = PBXFileReference; lastKnownFileType = text.plist.xml; path = Info.plist; sourceTree = "<group>"; };
		C96CF31E230AE74A00F7C210 /* main.m */ = {isa = PBXFileReference; lastKnownFileType = sourcecode.c.objc; path = main.m; sourceTree = "<group>"; };
		C96CF32A230AE8D800F7C210 /* LoginViewController.h */ = {isa = PBXFileReference; lastKnownFileType = sourcecode.c.h; path = LoginViewController.h; sourceTree = "<group>"; };
		C96CF32B230AE8D800F7C210 /* LoginViewController.m */ = {isa = PBXFileReference; lastKnownFileType = sourcecode.c.objc; path = LoginViewController.m; sourceTree = "<group>"; };
/* End PBXFileReference section */

/* Begin PBXFrameworksBuildPhase section */
		C96CF309230AE74900F7C210 /* Frameworks */ = {
			isa = PBXFrameworksBuildPhase;
			buildActionMask = 2147483647;
			files = (
			);
			runOnlyForDeploymentPostprocessing = 0;
		};
/* End PBXFrameworksBuildPhase section */

/* Begin PBXGroup section */
		C96CF303230AE74900F7C210 = {
			isa = PBXGroup;
			children = (
				C96CF30E230AE74900F7C210 /* TumblyProject */,
				C96CF30D230AE74900F7C210 /* Products */,
			);
			sourceTree = "<group>";
		};
		C96CF30D230AE74900F7C210 /* Products */ = {
			isa = PBXGroup;
			children = (
				C96CF30C230AE74900F7C210 /* TumblyProject.app */,
			);
			name = Products;
			sourceTree = "<group>";
		};
		C96CF30E230AE74900F7C210 /* TumblyProject */ = {
			isa = PBXGroup;
			children = (
				C96CF325230AE7A900F7C210 /* Scenes */,
				C96CF30F230AE74900F7C210 /* AppDelegate.h */,
				C96CF310230AE74900F7C210 /* AppDelegate.m */,
				C96CF315230AE74900F7C210 /* Main.storyboard */,
				C96CF318230AE74A00F7C210 /* Assets.xcassets */,
				C96CF31A230AE74A00F7C210 /* LaunchScreen.storyboard */,
				C96CF31D230AE74A00F7C210 /* Info.plist */,
				C96CF31E230AE74A00F7C210 /* main.m */,
			);
			path = TumblyProject;
			sourceTree = "<group>";
		};
		C96CF325230AE7A900F7C210 /* Scenes */ = {
			isa = PBXGroup;
			children = (
				C96CF326230AE84500F7C210 /* LoginViewController */,
			);
			path = Scenes;
			sourceTree = "<group>";
		};
		C96CF326230AE84500F7C210 /* LoginViewController */ = {
			isa = PBXGroup;
			children = (
				C96CF329230AE86600F7C210 /* Models */,
				C96CF328230AE86100F7C210 /* Controllers */,
				C96CF327230AE85400F7C210 /* Views */,
			);
			path = LoginViewController;
			sourceTree = "<group>";
		};
		C96CF327230AE85400F7C210 /* Views */ = {
			isa = PBXGroup;
			children = (
			);
			path = Views;
			sourceTree = "<group>";
		};
		C96CF328230AE86100F7C210 /* Controllers */ = {
			isa = PBXGroup;
			children = (
				C96CF32A230AE8D800F7C210 /* LoginViewController.h */,
				C96CF32B230AE8D800F7C210 /* LoginViewController.m */,
			);
			path = Controllers;
			sourceTree = "<group>";
		};
		C96CF329230AE86600F7C210 /* Models */ = {
			isa = PBXGroup;
			children = (
			);
			path = Models;
			sourceTree = "<group>";
		};
/* End PBXGroup section */

/* Begin PBXNativeTarget section */
		C96CF30B230AE74900F7C210 /* TumblyProject */ = {
			isa = PBXNativeTarget;
			buildConfigurationList = C96CF322230AE74A00F7C210 /* Build configuration list for PBXNativeTarget "TumblyProject" */;
			buildPhases = (
				C96CF308230AE74900F7C210 /* Sources */,
				C96CF309230AE74900F7C210 /* Frameworks */,
				C96CF30A230AE74900F7C210 /* Resources */,
			);
			buildRules = (
			);
			dependencies = (
			);
			name = TumblyProject;
			productName = TumblyProject;
			productReference = C96CF30C230AE74900F7C210 /* TumblyProject.app */;
			productType = "com.apple.product-type.application";
		};
/* End PBXNativeTarget section */

/* Begin PBXProject section */
		C96CF304230AE74900F7C210 /* Project object */ = {
			isa = PBXProject;
			attributes = {
				LastUpgradeCheck = 1020;
				ORGANIZATIONNAME = bumslap;
				TargetAttributes = {
					C96CF30B230AE74900F7C210 = {
						CreatedOnToolsVersion = 10.2;
					};
				};
			};
			buildConfigurationList = C96CF307230AE74900F7C210 /* Build configuration list for PBXProject "TumblyProject" */;
			compatibilityVersion = "Xcode 9.3";
			developmentRegion = en;
			hasScannedForEncodings = 0;
			knownRegions = (
				en,
				Base,
			);
			mainGroup = C96CF303230AE74900F7C210;
			productRefGroup = C96CF30D230AE74900F7C210 /* Products */;
			projectDirPath = "";
			projectRoot = "";
			targets = (
				C96CF30B230AE74900F7C210 /* TumblyProject */,
			);
		};
/* End PBXProject section */

/* Begin PBXResourcesBuildPhase section */
		C96CF30A230AE74900F7C210 /* Resources */ = {
			isa = PBXResourcesBuildPhase;
			buildActionMask = 2147483647;
			files = (
				C96CF31C230AE74A00F7C210 /* LaunchScreen.storyboard in Resources */,
				C96CF319230AE74A00F7C210 /* Assets.xcassets in Resources */,
				C96CF317230AE74900F7C210 /* Main.storyboard in Resources */,
			);
			runOnlyForDeploymentPostprocessing = 0;
		};
/* End PBXResourcesBuildPhase section */

/* Begin PBXSourcesBuildPhase section */
		C96CF308230AE74900F7C210 /* Sources */ = {
			isa = PBXSourcesBuildPhase;
			buildActionMask = 2147483647;
			files = (
				C96CF31F230AE74A00F7C210 /* main.m in Sources */,
				C96CF311230AE74900F7C210 /* AppDelegate.m in Sources */,
				C96CF32C230AE8D800F7C210 /* LoginViewController.m in Sources */,
			);
			runOnlyForDeploymentPostprocessing = 0;
		};
/* End PBXSourcesBuildPhase section */

/* Begin PBXVariantGroup section */
		C96CF315230AE74900F7C210 /* Main.storyboard */ = {
			isa = PBXVariantGroup;
			children = (
				C96CF316230AE74900F7C210 /* Base */,
			);
			name = Main.storyboard;
			sourceTree = "<group>";
		};
		C96CF31A230AE74A00F7C210 /* LaunchScreen.storyboard */ = {
			isa = PBXVariantGroup;
			children = (
				C96CF31B230AE74A00F7C210 /* Base */,
			);
			name = LaunchScreen.storyboard;
			sourceTree = "<group>";
		};
/* End PBXVariantGroup section */

/* Begin XCBuildConfiguration section */
		C96CF320230AE74A00F7C210 /* Debug */ = {
			isa = XCBuildConfiguration;
			buildSettings = {
				ALWAYS_SEARCH_USER_PATHS = NO;
				CLANG_ANALYZER_NONNULL = YES;
				CLANG_ANALYZER_NUMBER_OBJECT_CONVERSION = YES_AGGRESSIVE;
				CLANG_CXX_LANGUAGE_STANDARD = "gnu++14";
				CLANG_CXX_LIBRARY = "libc++";
				CLANG_ENABLE_MODULES = YES;
				CLANG_ENABLE_OBJC_ARC = YES;
				CLANG_ENABLE_OBJC_WEAK = YES;
				CLANG_WARN_BLOCK_CAPTURE_AUTORELEASING = YES;
				CLANG_WARN_BOOL_CONVERSION = YES;
				CLANG_WARN_COMMA = YES;
				CLANG_WARN_CONSTANT_CONVERSION = YES;
				CLANG_WARN_DEPRECATED_OBJC_IMPLEMENTATIONS = YES;
				CLANG_WARN_DIRECT_OBJC_ISA_USAGE = YES_ERROR;
				CLANG_WARN_DOCUMENTATION_COMMENTS = YES;
				CLANG_WARN_EMPTY_BODY = YES;
				CLANG_WARN_ENUM_CONVERSION = YES;
				CLANG_WARN_INFINITE_RECURSION = YES;
				CLANG_WARN_INT_CONVERSION = YES;
				CLANG_WARN_NON_LITERAL_NULL_CONVERSION = YES;
				CLANG_WARN_OBJC_IMPLICIT_RETAIN_SELF = YES;
				CLANG_WARN_OBJC_LITERAL_CONVERSION = YES;
				CLANG_WARN_OBJC_ROOT_CLASS = YES_ERROR;
				CLANG_WARN_RANGE_LOOP_ANALYSIS = YES;
				CLANG_WARN_STRICT_PROTOTYPES = YES;
				CLANG_WARN_SUSPICIOUS_MOVE = YES;
				CLANG_WARN_UNGUARDED_AVAILABILITY = YES_AGGRESSIVE;
				CLANG_WARN_UNREACHABLE_CODE = YES;
				CLANG_WARN__DUPLICATE_METHOD_MATCH = YES;
				CODE_SIGN_IDENTITY = "iPhone Developer";
				COPY_PHASE_STRIP = NO;
				DEBUG_INFORMATION_FORMAT = dwarf;
				ENABLE_STRICT_OBJC_MSGSEND = YES;
				ENABLE_TESTABILITY = YES;
				GCC_C_LANGUAGE_STANDARD = gnu11;
				GCC_DYNAMIC_NO_PIC = NO;
				GCC_NO_COMMON_BLOCKS = YES;
				GCC_OPTIMIZATION_LEVEL = 0;
				GCC_PREPROCESSOR_DEFINITIONS = (
					"DEBUG=1",
					"$(inherited)",
				);
				GCC_WARN_64_TO_32_BIT_CONVERSION = YES;
				GCC_WARN_ABOUT_RETURN_TYPE = YES_ERROR;
				GCC_WARN_UNDECLARED_SELECTOR = YES;
				GCC_WARN_UNINITIALIZED_AUTOS = YES_AGGRESSIVE;
				GCC_WARN_UNUSED_FUNCTION = YES;
				GCC_WARN_UNUSED_VARIABLE = YES;
				IPHONEOS_DEPLOYMENT_TARGET = 12.2;
				MTL_ENABLE_DEBUG_INFO = INCLUDE_SOURCE;
				MTL_FAST_MATH = YES;
				ONLY_ACTIVE_ARCH = YES;
				SDKROOT = iphoneos;
			};
			name = Debug;
		};
		C96CF321230AE74A00F7C210 /* Release */ = {
			isa = XCBuildConfiguration;
			buildSettings = {
				ALWAYS_SEARCH_USER_PATHS = NO;
				CLANG_ANALYZER_NONNULL = YES;
				CLANG_ANALYZER_NUMBER_OBJECT_CONVERSION = YES_AGGRESSIVE;
				CLANG_CXX_LANGUAGE_STANDARD = "gnu++14";
				CLANG_CXX_LIBRARY = "libc++";
				CLANG_ENABLE_MODULES = YES;
				CLANG_ENABLE_OBJC_ARC = YES;
				CLANG_ENABLE_OBJC_WEAK = YES;
				CLANG_WARN_BLOCK_CAPTURE_AUTORELEASING = YES;
				CLANG_WARN_BOOL_CONVERSION = YES;
				CLANG_WARN_COMMA = YES;
				CLANG_WARN_CONSTANT_CONVERSION = YES;
				CLANG_WARN_DEPRECATED_OBJC_IMPLEMENTATIONS = YES;
				CLANG_WARN_DIRECT_OBJC_ISA_USAGE = YES_ERROR;
				CLANG_WARN_DOCUMENTATION_COMMENTS = YES;
				CLANG_WARN_EMPTY_BODY = YES;
				CLANG_WARN_ENUM_CONVERSION = YES;
				CLANG_WARN_INFINITE_RECURSION = YES;
				CLANG_WARN_INT_CONVERSION = YES;
				CLANG_WARN_NON_LITERAL_NULL_CONVERSION = YES;
				CLANG_WARN_OBJC_IMPLICIT_RETAIN_SELF = YES;
				CLANG_WARN_OBJC_LITERAL_CONVERSION = YES;
				CLANG_WARN_OBJC_ROOT_CLASS = YES_ERROR;
				CLANG_WARN_RANGE_LOOP_ANALYSIS = YES;
				CLANG_WARN_STRICT_PROTOTYPES = YES;
				CLANG_WARN_SUSPICIOUS_MOVE = YES;
				CLANG_WARN_UNGUARDED_AVAILABILITY = YES_AGGRESSIVE;
				CLANG_WARN_UNREACHABLE_CODE = YES;
				CLANG_WARN__DUPLICATE_METHOD_MATCH = YES;
				CODE_SIGN_IDENTITY = "iPhone Developer";
				COPY_PHASE_STRIP = NO;
				DEBUG_INFORMATION_FORMAT = "dwarf-with-dsym";
				ENABLE_NS_ASSERTIONS = NO;
				ENABLE_STRICT_OBJC_MSGSEND = YES;
				GCC_C_LANGUAGE_STANDARD = gnu11;
				GCC_NO_COMMON_BLOCKS = YES;
				GCC_WARN_64_TO_32_BIT_CONVERSION = YES;
				GCC_WARN_ABOUT_RETURN_TYPE = YES_ERROR;
				GCC_WARN_UNDECLARED_SELECTOR = YES;
				GCC_WARN_UNINITIALIZED_AUTOS = YES_AGGRESSIVE;
				GCC_WARN_UNUSED_FUNCTION = YES;
				GCC_WARN_UNUSED_VARIABLE = YES;
				IPHONEOS_DEPLOYMENT_TARGET = 12.2;
				MTL_ENABLE_DEBUG_INFO = NO;
				MTL_FAST_MATH = YES;
				SDKROOT = iphoneos;
				VALIDATE_PRODUCT = YES;
			};
			name = Release;
		};
		C96CF323230AE74A00F7C210 /* Debug */ = {
			isa = XCBuildConfiguration;
			buildSettings = {
				ASSETCATALOG_COMPILER_APPICON_NAME = AppIcon;
				CODE_SIGN_STYLE = Automatic;
				DEVELOPMENT_TEAM = CMXKRM464P;
				INFOPLIST_FILE = TumblyProject/Info.plist;
				LD_RUNPATH_SEARCH_PATHS = (
					"$(inherited)",
					"@executable_path/Frameworks",
				);
				PRODUCT_BUNDLE_IDENTIFIER = bumslap.com.TumblyProject;
				PRODUCT_NAME = "$(TARGET_NAME)";
				TARGETED_DEVICE_FAMILY = "1,2";
			};
			name = Debug;
		};
		C96CF324230AE74A00F7C210 /* Release */ = {
			isa = XCBuildConfiguration;
			buildSettings = {
				ASSETCATALOG_COMPILER_APPICON_NAME = AppIcon;
				CODE_SIGN_STYLE = Automatic;
				DEVELOPMENT_TEAM = CMXKRM464P;
				INFOPLIST_FILE = TumblyProject/Info.plist;
				LD_RUNPATH_SEARCH_PATHS = (
					"$(inherited)",
					"@executable_path/Frameworks",
				);
				PRODUCT_BUNDLE_IDENTIFIER = bumslap.com.TumblyProject;
				PRODUCT_NAME = "$(TARGET_NAME)";
				TARGETED_DEVICE_FAMILY = "1,2";
			};
			name = Release;
		};
/* End XCBuildConfiguration section */

/* Begin XCConfigurationList section */
		C96CF307230AE74900F7C210 /* Build configuration list for PBXProject "TumblyProject" */ = {
			isa = XCConfigurationList;
			buildConfigurations = (
				C96CF320230AE74A00F7C210 /* Debug */,
				C96CF321230AE74A00F7C210 /* Release */,
			);
			defaultConfigurationIsVisible = 0;
			defaultConfigurationName = Release;
		};
		C96CF322230AE74A00F7C210 /* Build configuration list for PBXNativeTarget "TumblyProject" */ = {
			isa = XCConfigurationList;
			buildConfigurations = (
				C96CF323230AE74A00F7C210 /* Debug */,
				C96CF324230AE74A00F7C210 /* Release */,
			);
			defaultConfigurationIsVisible = 0;
			defaultConfigurationName = Release;
		};
/* End XCConfigurationList section */
	};
	rootObject = C96CF304230AE74900F7C210 /* Project object */;
}
